
Microsoft Visual Studio Solution File, Format Version 12.00
# Visual Studio Version 17
VisualStudioVersion = 17.4.33213.308
MinimumVisualStudioVersion = 10.0.40219.1
Project("{FAE04EC0-301F-11D3-BF4B-00C04F79EFBC}") = "FitnessClub Crud App.WEB", "FitnessClub Crud App.WEB\FitnessClub Crud App.WEB.csproj", "{373521BE-C7C7-4A10-A695-B642FB8252D1}"
EndProject
Project("{FAE04EC0-301F-11D3-BF4B-00C04F79EFBC}") = "FitnessClub.Domain", "FitnessClub.Domain\FitnessClub.Domain.csproj", "{C16E60F7-4F9F-456B-A585-48F443DE9177}"
EndProject
Project("{FAE04EC0-301F-11D3-BF4B-00C04F79EFBC}") = "FitnessClub.Service", "FitnessClub.Service\FitnessClub.Service.csproj", "{E4B64BA0-AE1A-4806-9FDB-F9E33BA6C02F}"
EndProject
Global
	GlobalSection(SolutionConfigurationPlatforms) = preSolution
		Debug|Any CPU = Debug|Any CPU
		Release|Any CPU = Release|Any CPU
	EndGlobalSection
	GlobalSection(ProjectConfigurationPlatforms) = postSolution
		{373521BE-C7C7-4A10-A695-B642FB8252D1}.Debug|Any CPU.ActiveCfg = Debug|Any CPU
		{373521BE-C7C7-4A10-A695-B642FB8252D1}.Debug|Any CPU.Build.0 = Debug|Any CPU
		{373521BE-C7C7-4A10-A695-B642FB8252D1}.Release|Any CPU.ActiveCfg = Release|Any CPU
		{373521BE-C7C7-4A10-A695-B642FB8252D1}.Release|Any CPU.Build.0 = Release|Any CPU
		{C16E60F7-4F9F-456B-A585-48F443DE9177}.Debug|Any CPU.ActiveCfg = Debug|Any CPU
		{C16E60F7-4F9F-456B-A585-48F443DE9177}.Debug|Any CPU.Build.0 = Debug|Any CPU
		{C16E60F7-4F9F-456B-A585-48F443DE9177}.Release|Any CPU.ActiveCfg = Release|Any CPU
		{C16E60F7-4F9F-456B-A585-48F443DE9177}.Release|Any CPU.Build.0 = Release|Any CPU
		{E4B64BA0-AE1A-4806-9FDB-F9E33BA6C02F}.Debug|Any CPU.ActiveCfg = Debug|Any CPU
		{E4B64BA0-AE1A-4806-9FDB-F9E33BA6C02F}.Debug|Any CPU.Build.0 = Debug|Any CPU
		{E4B64BA0-AE1A-4806-9FDB-F9E33BA6C02F}.Release|Any CPU.ActiveCfg = Release|Any CPU
		{E4B64BA0-AE1A-4806-9FDB-F9E33BA6C02F}.Release|Any CPU.Build.0 = Release|Any CPU
	EndGlobalSection
	GlobalSection(SolutionProperties) = preSolution
		HideSolutionNode = FALSE
	EndGlobalSection
	GlobalSection(ExtensibilityGlobals) = postSolution
		SolutionGuid = {B6B4B116-5FE9-4862-A908-E13CB48DFE74}
	EndGlobalSection
EndGlobal
